! www.youtube.com
www.youtube.com##ytd-guide-section-renderer.ytd-guide-renderer.style-scope:nth-of-type(2)
www.youtube.com##ytd-guide-signin-promo-renderer.ytd-guide-renderer.style-scope
www.youtube.com##ytd-guide-section-renderer.ytd-guide-renderer.style-scope:nth-of-type(5)
www.youtube.com###guide-links-primary
www.youtube.com###guide-links-secondary
www.youtube.com###copyright
www.youtube.com##ytd-guide-section-renderer.ytd-guide-renderer.style-scope:nth-of-type(4)
www.youtube.com##ytd-button-renderer.ytd-masthead.style-scope > yt-button-shape > .yt-spec-button-shape-next--enable-backdrop-filter-experiment.yt-spec-button-shape-next--icon-leading.yt-spec-button-shape-next--size-m.yt-spec-button-shape-next--call-to-action.yt-spec-button-shape-next--outline.yt-spec-button-shape-next > yt-touch-feedback-shape > .yt-spec-touch-feedback-shape--touch-response.yt-spec-touch-feedback-shape > .yt-spec-touch-feedback-shape__fill
www.youtube.com###end > .ytd-masthead.style-scope
www.youtube.com##yt-button-shape

! www.google.com
www.google.com##.gb_Wf.gb_Pf.gb_0.gb_M
www.google.com##.gb_z
www.google.com##.SSwjIe.KxwPGc
